
Microsoft Visual Studio Solution File, Format Version 12.00
# Visual Studio Version 17
VisualStudioVersion = 17.1.32407.343
MinimumVisualStudioVersion = 10.0.40219.1
Project("{FAE04EC0-301F-11D3-BF4B-00C04F79EFBC}") = "Limbo", "Limbo\Limbo.csproj", "{3D320A10-1B37-4971-9697-66812E59B194}"
EndProject
Global
	GlobalSection(SolutionConfigurationPlatforms) = preSolution
		Debug|x86 = Debug|x86
		Release|x86 = Release|x86
	EndGlobalSection
	GlobalSection(ProjectConfigurationPlatforms) = postSolution
		{3D320A10-1B37-4971-9697-66812E59B194}.Debug|x86.ActiveCfg = Debug|x86
		{3D320A10-1B37-4971-9697-66812E59B194}.Debug|x86.Build.0 = Debug|x86
		{3D320A10-1B37-4971-9697-66812E59B194}.Release|x86.ActiveCfg = Release|x86
		{3D320A10-1B37-4971-9697-66812E59B194}.Release|x86.Build.0 = Release|x86
	EndGlobalSection
	GlobalSection(SolutionProperties) = preSolution
		HideSolutionNode = FALSE
	EndGlobalSection
	GlobalSection(ExtensibilityGlobals) = postSolution
		SolutionGuid = {6BE6957B-24EE-4898-9494-2684D3A42C2D}
	EndGlobalSection
EndGlobal
